// !$*UTF8*$!
{
	archiveVersion = 1;
	classes = {
	};
	objectVersion = 56;
	objects = {

/* Begin PBXBuildFile section */
		6A4CA83B2C500A5600105139 /* FlickrSearchApp.swift in Sources */ = {isa = PBXBuildFile; fileRef = 6A4CA83A2C500A5600105139 /* FlickrSearchApp.swift */; };
		6A4CA83D2C500A5600105139 /* FlickrView.swift in Sources */ = {isa = PBXBuildFile; fileRef = 6A4CA83C2C500A5600105139 /* FlickrView.swift */; };
		6A4CA83F2C500A5D00105139 /* Assets.xcassets in Resources */ = {isa = PBXBuildFile; fileRef = 6A4CA83E2C500A5D00105139 /* Assets.xcassets */; };
		6A4CA8422C500A5D00105139 /* Preview Assets.xcassets in Resources */ = {isa = PBXBuildFile; fileRef = 6A4CA8412C500A5D00105139 /* Preview Assets.xcassets */; };
		6A4CA84C2C500A5F00105139 /* FlickrFeedDetailsViewModelTests.swift in Sources */ = {isa = PBXBuildFile; fileRef = 6A4CA84B2C500A5F00105139 /* FlickrFeedDetailsViewModelTests.swift */; };
		6A4CA8562C500A5F00105139 /* FlickrSearchUITests.swift in Sources */ = {isa = PBXBuildFile; fileRef = 6A4CA8552C500A5F00105139 /* FlickrSearchUITests.swift */; };
		6A4CA8582C500A5F00105139 /* FlickrSearchUITestsLaunchTests.swift in Sources */ = {isa = PBXBuildFile; fileRef = 6A4CA8572C500A5F00105139 /* FlickrSearchUITestsLaunchTests.swift */; };
		6A4CA8662C500BF500105139 /* EnvironmentValuesExtension.swift in Sources */ = {isa = PBXBuildFile; fileRef = 6A4CA8652C500BF500105139 /* EnvironmentValuesExtension.swift */; };
		6A4CA8692C500C1000105139 /* Imageloader.swift in Sources */ = {isa = PBXBuildFile; fileRef = 6A4CA8682C500C1000105139 /* Imageloader.swift */; };
		6A4CA86C2C500C3800105139 /* AsyncImageloader.swift in Sources */ = {isa = PBXBuildFile; fileRef = 6A4CA86B2C500C3800105139 /* AsyncImageloader.swift */; };
		6A4CA86E2C500C4B00105139 /* URLSessionExtension.swift in Sources */ = {isa = PBXBuildFile; fileRef = 6A4CA86D2C500C4B00105139 /* URLSessionExtension.swift */; };
		6A4CA8712C5018EB00105139 /* FlickrModel.swift in Sources */ = {isa = PBXBuildFile; fileRef = 6A4CA8702C5018EB00105139 /* FlickrModel.swift */; };
		6A4CA8742C50190700105139 /* APIClient.swift in Sources */ = {isa = PBXBuildFile; fileRef = 6A4CA8732C50190700105139 /* APIClient.swift */; };
		6A4CA8762C50192000105139 /* TestDetector.swift in Sources */ = {isa = PBXBuildFile; fileRef = 6A4CA8752C50192000105139 /* TestDetector.swift */; };
		6A4CA8792C501CA500105139 /* ErrorView.swift in Sources */ = {isa = PBXBuildFile; fileRef = 6A4CA8782C501CA500105139 /* ErrorView.swift */; };
		6A4CA87C2C502F3E00105139 /* FlickrFeedDetailsView.swift in Sources */ = {isa = PBXBuildFile; fileRef = 6A4CA87B2C502F3E00105139 /* FlickrFeedDetailsView.swift */; };
		6A4CA87E2C5034F500105139 /* StringExtension.swift in Sources */ = {isa = PBXBuildFile; fileRef = 6A4CA87D2C5034F500105139 /* StringExtension.swift */; };
		6A4CA8802C503BC300105139 /* NavigationLazyView.swift in Sources */ = {isa = PBXBuildFile; fileRef = 6A4CA87F2C503BC300105139 /* NavigationLazyView.swift */; };
		6A4CA8822C503BF500105139 /* FlickrFeedDetailsViewModel.swift in Sources */ = {isa = PBXBuildFile; fileRef = 6A4CA8812C503BF500105139 /* FlickrFeedDetailsViewModel.swift */; };
		6A4CA8842C503C1200105139 /* FlickrViewModel.swift in Sources */ = {isa = PBXBuildFile; fileRef = 6A4CA8832C503C1200105139 /* FlickrViewModel.swift */; };
		6A4CA8862C50421C00105139 /* StringExtensionTests.swift in Sources */ = {isa = PBXBuildFile; fileRef = 6A4CA8852C50421C00105139 /* StringExtensionTests.swift */; };
		6A4CA8882C50431B00105139 /* FlickrViewModelTests.swift in Sources */ = {isa = PBXBuildFile; fileRef = 6A4CA8872C50431B00105139 /* FlickrViewModelTests.swift */; };
		6A4CA88A2C50435000105139 /* APIClientTests.swift in Sources */ = {isa = PBXBuildFile; fileRef = 6A4CA8892C50435000105139 /* APIClientTests.swift */; };
		6A4CA88D2C50441E00105139 /* MockURLSession.swift in Sources */ = {isa = PBXBuildFile; fileRef = 6A4CA88C2C50441E00105139 /* MockURLSession.swift */; };
		6A4CA88F2C50448200105139 /* MockAPIClient.swift in Sources */ = {isa = PBXBuildFile; fileRef = 6A4CA88E2C50448200105139 /* MockAPIClient.swift */; };
/* End PBXBuildFile section */

/* Begin PBXContainerItemProxy section */
		6A4CA8482C500A5F00105139 /* PBXContainerItemProxy */ = {
			isa = PBXContainerItemProxy;
			containerPortal = 6A4CA82F2C500A5600105139 /* Project object */;
			proxyType = 1;
			remoteGlobalIDString = 6A4CA8362C500A5600105139;
			remoteInfo = FlickrSearch;
		};
		6A4CA8522C500A5F00105139 /* PBXContainerItemProxy */ = {
			isa = PBXContainerItemProxy;
			containerPortal = 6A4CA82F2C500A5600105139 /* Project object */;
			proxyType = 1;
			remoteGlobalIDString = 6A4CA8362C500A5600105139;
			remoteInfo = FlickrSearch;
		};
/* End PBXContainerItemProxy section */

/* Begin PBXFileReference section */
		6A4CA8372C500A5600105139 /* FlickrSearch.app */ = {isa = PBXFileReference; explicitFileType = wrapper.application; includeInIndex = 0; path = FlickrSearch.app; sourceTree = BUILT_PRODUCTS_DIR; };
		6A4CA83A2C500A5600105139 /* FlickrSearchApp.swift */ = {isa = PBXFileReference; lastKnownFileType = sourcecode.swift; path = FlickrSearchApp.swift; sourceTree = "<group>"; };
		6A4CA83C2C500A5600105139 /* FlickrView.swift */ = {isa = PBXFileReference; lastKnownFileType = sourcecode.swift; path = FlickrView.swift; sourceTree = "<group>"; };
		6A4CA83E2C500A5D00105139 /* Assets.xcassets */ = {isa = PBXFileReference; lastKnownFileType = folder.assetcatalog; path = Assets.xcassets; sourceTree = "<group>"; };
		6A4CA8412C500A5D00105139 /* Preview Assets.xcassets */ = {isa = PBXFileReference; lastKnownFileType = folder.assetcatalog; path = "Preview Assets.xcassets"; sourceTree = "<group>"; };
		6A4CA8472C500A5F00105139 /* FlickrSearchTests.xctest */ = {isa = PBXFileReference; explicitFileType = wrapper.cfbundle; includeInIndex = 0; path = FlickrSearchTests.xctest; sourceTree = BUILT_PRODUCTS_DIR; };
		6A4CA84B2C500A5F00105139 /* FlickrFeedDetailsViewModelTests.swift */ = {isa = PBXFileReference; lastKnownFileType = sourcecode.swift; path = FlickrFeedDetailsViewModelTests.swift; sourceTree = "<group>"; };
		6A4CA8512C500A5F00105139 /* FlickrSearchUITests.xctest */ = {isa = PBXFileReference; explicitFileType = wrapper.cfbundle; includeInIndex = 0; path = FlickrSearchUITests.xctest; sourceTree = BUILT_PRODUCTS_DIR; };
		6A4CA8552C500A5F00105139 /* FlickrSearchUITests.swift */ = {isa = PBXFileReference; lastKnownFileType = sourcecode.swift; path = FlickrSearchUITests.swift; sourceTree = "<group>"; };
		6A4CA8572C500A5F00105139 /* FlickrSearchUITestsLaunchTests.swift */ = {isa = PBXFileReference; lastKnownFileType = sourcecode.swift; path = FlickrSearchUITestsLaunchTests.swift; sourceTree = "<group>"; };
		6A4CA8652C500BF500105139 /* EnvironmentValuesExtension.swift */ = {isa = PBXFileReference; lastKnownFileType = sourcecode.swift; path = EnvironmentValuesExtension.swift; sourceTree = "<group>"; };
		6A4CA8682C500C1000105139 /* Imageloader.swift */ = {isa = PBXFileReference; lastKnownFileType = sourcecode.swift; path = Imageloader.swift; sourceTree = "<group>"; };
		6A4CA86B2C500C3800105139 /* AsyncImageloader.swift */ = {isa = PBXFileReference; lastKnownFileType = sourcecode.swift; path = AsyncImageloader.swift; sourceTree = "<group>"; };
		6A4CA86D2C500C4B00105139 /* URLSessionExtension.swift */ = {isa = PBXFileReference; lastKnownFileType = sourcecode.swift; path = URLSessionExtension.swift; sourceTree = "<group>"; };
		6A4CA8702C5018EB00105139 /* FlickrModel.swift */ = {isa = PBXFileReference; lastKnownFileType = sourcecode.swift; path = FlickrModel.swift; sourceTree = "<group>"; };
		6A4CA8732C50190700105139 /* APIClient.swift */ = {isa = PBXFileReference; lastKnownFileType = sourcecode.swift; path = APIClient.swift; sourceTree = "<group>"; };
		6A4CA8752C50192000105139 /* TestDetector.swift */ = {isa = PBXFileReference; lastKnownFileType = sourcecode.swift; path = TestDetector.swift; sourceTree = "<group>"; };
		6A4CA8782C501CA500105139 /* ErrorView.swift */ = {isa = PBXFileReference; lastKnownFileType = sourcecode.swift; path = ErrorView.swift; sourceTree = "<group>"; };
		6A4CA87B2C502F3E00105139 /* FlickrFeedDetailsView.swift */ = {isa = PBXFileReference; lastKnownFileType = sourcecode.swift; path = FlickrFeedDetailsView.swift; sourceTree = "<group>"; };
		6A4CA87D2C5034F500105139 /* StringExtension.swift */ = {isa = PBXFileReference; lastKnownFileType = sourcecode.swift; path = StringExtension.swift; sourceTree = "<group>"; };
		6A4CA87F2C503BC300105139 /* NavigationLazyView.swift */ = {isa = PBXFileReference; lastKnownFileType = sourcecode.swift; path = NavigationLazyView.swift; sourceTree = "<group>"; };
		6A4CA8812C503BF500105139 /* FlickrFeedDetailsViewModel.swift */ = {isa = PBXFileReference; lastKnownFileType = sourcecode.swift; path = FlickrFeedDetailsViewModel.swift; sourceTree = "<group>"; };
		6A4CA8832C503C1200105139 /* FlickrViewModel.swift */ = {isa = PBXFileReference; lastKnownFileType = sourcecode.swift; path = FlickrViewModel.swift; sourceTree = "<group>"; };
		6A4CA8852C50421C00105139 /* StringExtensionTests.swift */ = {isa = PBXFileReference; lastKnownFileType = sourcecode.swift; path = StringExtensionTests.swift; sourceTree = "<group>"; };
		6A4CA8872C50431B00105139 /* FlickrViewModelTests.swift */ = {isa = PBXFileReference; lastKnownFileType = sourcecode.swift; path = FlickrViewModelTests.swift; sourceTree = "<group>"; };
		6A4CA8892C50435000105139 /* APIClientTests.swift */ = {isa = PBXFileReference; lastKnownFileType = sourcecode.swift; path = APIClientTests.swift; sourceTree = "<group>"; };
		6A4CA88C2C50441E00105139 /* MockURLSession.swift */ = {isa = PBXFileReference; lastKnownFileType = sourcecode.swift; path = MockURLSession.swift; sourceTree = "<group>"; };
		6A4CA88E2C50448200105139 /* MockAPIClient.swift */ = {isa = PBXFileReference; lastKnownFileType = sourcecode.swift; path = MockAPIClient.swift; sourceTree = "<group>"; };
/* End PBXFileReference section */

/* Begin PBXFrameworksBuildPhase section */
		6A4CA8342C500A5600105139 /* Frameworks */ = {
			isa = PBXFrameworksBuildPhase;
			buildActionMask = 2147483647;
			files = (
			);
			runOnlyForDeploymentPostprocessing = 0;
		};
		6A4CA8442C500A5F00105139 /* Frameworks */ = {
			isa = PBXFrameworksBuildPhase;
			buildActionMask = 2147483647;
			files = (
			);
			runOnlyForDeploymentPostprocessing = 0;
		};
		6A4CA84E2C500A5F00105139 /* Frameworks */ = {
			isa = PBXFrameworksBuildPhase;
			buildActionMask = 2147483647;
			files = (
			);
			runOnlyForDeploymentPostprocessing = 0;
		};
/* End PBXFrameworksBuildPhase section */

/* Begin PBXGroup section */
		6A4CA82E2C500A5600105139 = {
			isa = PBXGroup;
			children = (
				6A4CA8392C500A5600105139 /* FlickrSearch */,
				6A4CA84A2C500A5F00105139 /* FlickrSearchTests */,
				6A4CA8542C500A5F00105139 /* FlickrSearchUITests */,
				6A4CA8382C500A5600105139 /* Products */,
			);
			sourceTree = "<group>";
		};
		6A4CA8382C500A5600105139 /* Products */ = {
			isa = PBXGroup;
			children = (
				6A4CA8372C500A5600105139 /* FlickrSearch.app */,
				6A4CA8472C500A5F00105139 /* FlickrSearchTests.xctest */,
				6A4CA8512C500A5F00105139 /* FlickrSearchUITests.xctest */,
			);
			name = Products;
			sourceTree = "<group>";
		};
		6A4CA8392C500A5600105139 /* FlickrSearch */ = {
			isa = PBXGroup;
			children = (
				6A4CA87A2C502F3100105139 /* FlickrFeedDetails */,
				6A4CA8772C501A8D00105139 /* FlickrFeed */,
				6A4CA8722C50190000105139 /* API */,
				6A4CA86F2C5018E400105139 /* Model */,
				6A4CA86A2C500C3000105139 /* Common */,
				6A4CA8672C500C0500105139 /* Utilities */,
				6A4CA8642C500A8600105139 /* Extensions */,
				6A4CA83A2C500A5600105139 /* FlickrSearchApp.swift */,
				6A4CA83E2C500A5D00105139 /* Assets.xcassets */,
				6A4CA8402C500A5D00105139 /* Preview Content */,
			);
			path = FlickrSearch;
			sourceTree = "<group>";
		};
		6A4CA8402C500A5D00105139 /* Preview Content */ = {
			isa = PBXGroup;
			children = (
				6A4CA8412C500A5D00105139 /* Preview Assets.xcassets */,
			);
			path = "Preview Content";
			sourceTree = "<group>";
		};
		6A4CA84A2C500A5F00105139 /* FlickrSearchTests */ = {
			isa = PBXGroup;
			children = (
				6A4CA88B2C50441A00105139 /* Mock */,
				6A4CA84B2C500A5F00105139 /* FlickrFeedDetailsViewModelTests.swift */,
				6A4CA8872C50431B00105139 /* FlickrViewModelTests.swift */,
				6A4CA8892C50435000105139 /* APIClientTests.swift */,
				6A4CA8852C50421C00105139 /* StringExtensionTests.swift */,
			);
			path = FlickrSearchTests;
			sourceTree = "<group>";
		};
		6A4CA8542C500A5F00105139 /* FlickrSearchUITests */ = {
			isa = PBXGroup;
			children = (
				6A4CA8552C500A5F00105139 /* FlickrSearchUITests.swift */,
				6A4CA8572C500A5F00105139 /* FlickrSearchUITestsLaunchTests.swift */,
			);
			path = FlickrSearchUITests;
			sourceTree = "<group>";
		};
		6A4CA8642C500A8600105139 /* Extensions */ = {
			isa = PBXGroup;
			children = (
				6A4CA8652C500BF500105139 /* EnvironmentValuesExtension.swift */,
				6A4CA86D2C500C4B00105139 /* URLSessionExtension.swift */,
				6A4CA87D2C5034F500105139 /* StringExtension.swift */,
			);
			path = Extensions;
			sourceTree = "<group>";
		};
		6A4CA8672C500C0500105139 /* Utilities */ = {
			isa = PBXGroup;
			children = (
				6A4CA8682C500C1000105139 /* Imageloader.swift */,
				6A4CA8752C50192000105139 /* TestDetector.swift */,
			);
			path = Utilities;
			sourceTree = "<group>";
		};
		6A4CA86A2C500C3000105139 /* Common */ = {
			isa = PBXGroup;
			children = (
				6A4CA86B2C500C3800105139 /* AsyncImageloader.swift */,
				6A4CA8782C501CA500105139 /* ErrorView.swift */,
				6A4CA87F2C503BC300105139 /* NavigationLazyView.swift */,
			);
			path = Common;
			sourceTree = "<group>";
		};
		6A4CA86F2C5018E400105139 /* Model */ = {
			isa = PBXGroup;
			children = (
				6A4CA8702C5018EB00105139 /* FlickrModel.swift */,
			);
			path = Model;
			sourceTree = "<group>";
		};
		6A4CA8722C50190000105139 /* API */ = {
			isa = PBXGroup;
			children = (
				6A4CA8732C50190700105139 /* APIClient.swift */,
			);
			path = API;
			sourceTree = "<group>";
		};
		6A4CA8772C501A8D00105139 /* FlickrFeed */ = {
			isa = PBXGroup;
			children = (
				6A4CA83C2C500A5600105139 /* FlickrView.swift */,
				6A4CA8832C503C1200105139 /* FlickrViewModel.swift */,
			);
			path = FlickrFeed;
			sourceTree = "<group>";
		};
		6A4CA87A2C502F3100105139 /* FlickrFeedDetails */ = {
			isa = PBXGroup;
			children = (
				6A4CA87B2C502F3E00105139 /* FlickrFeedDetailsView.swift */,
				6A4CA8812C503BF500105139 /* FlickrFeedDetailsViewModel.swift */,
			);
			path = FlickrFeedDetails;
			sourceTree = "<group>";
		};
		6A4CA88B2C50441A00105139 /* Mock */ = {
			isa = PBXGroup;
			children = (
				6A4CA88C2C50441E00105139 /* MockURLSession.swift */,
				6A4CA88E2C50448200105139 /* MockAPIClient.swift */,
			);
			path = Mock;
			sourceTree = "<group>";
		};
/* End PBXGroup section */

/* Begin PBXNativeTarget section */
		6A4CA8362C500A5600105139 /* FlickrSearch */ = {
			isa = PBXNativeTarget;
			buildConfigurationList = 6A4CA85B2C500A5F00105139 /* Build configuration list for PBXNativeTarget "FlickrSearch" */;
			buildPhases = (
				6A4CA8332C500A5600105139 /* Sources */,
				6A4CA8342C500A5600105139 /* Frameworks */,
				6A4CA8352C500A5600105139 /* Resources */,
			);
			buildRules = (
			);
			dependencies = (
			);
			name = FlickrSearch;
			productName = FlickrSearch;
			productReference = 6A4CA8372C500A5600105139 /* FlickrSearch.app */;
			productType = "com.apple.product-type.application";
		};
		6A4CA8462C500A5F00105139 /* FlickrSearchTests */ = {
			isa = PBXNativeTarget;
			buildConfigurationList = 6A4CA85E2C500A5F00105139 /* Build configuration list for PBXNativeTarget "FlickrSearchTests" */;
			buildPhases = (
				6A4CA8432C500A5F00105139 /* Sources */,
				6A4CA8442C500A5F00105139 /* Frameworks */,
				6A4CA8452C500A5F00105139 /* Resources */,
			);
			buildRules = (
			);
			dependencies = (
				6A4CA8492C500A5F00105139 /* PBXTargetDependency */,
			);
			name = FlickrSearchTests;
			productName = FlickrSearchTests;
			productReference = 6A4CA8472C500A5F00105139 /* FlickrSearchTests.xctest */;
			productType = "com.apple.product-type.bundle.unit-test";
		};
		6A4CA8502C500A5F00105139 /* FlickrSearchUITests */ = {
			isa = PBXNativeTarget;
			buildConfigurationList = 6A4CA8612C500A5F00105139 /* Build configuration list for PBXNativeTarget "FlickrSearchUITests" */;
			buildPhases = (
				6A4CA84D2C500A5F00105139 /* Sources */,
				6A4CA84E2C500A5F00105139 /* Frameworks */,
				6A4CA84F2C500A5F00105139 /* Resources */,
			);
			buildRules = (
			);
			dependencies = (
				6A4CA8532C500A5F00105139 /* PBXTargetDependency */,
			);
			name = FlickrSearchUITests;
			productName = FlickrSearchUITests;
			productReference = 6A4CA8512C500A5F00105139 /* FlickrSearchUITests.xctest */;
			productType = "com.apple.product-type.bundle.ui-testing";
		};
/* End PBXNativeTarget section */

/* Begin PBXProject section */
		6A4CA82F2C500A5600105139 /* Project object */ = {
			isa = PBXProject;
			attributes = {
				BuildIndependentTargetsInParallel = 1;
				LastSwiftUpdateCheck = 1540;
				LastUpgradeCheck = 1540;
				TargetAttributes = {
					6A4CA8362C500A5600105139 = {
						CreatedOnToolsVersion = 15.4;
					};
					6A4CA8462C500A5F00105139 = {
						CreatedOnToolsVersion = 15.4;
						TestTargetID = 6A4CA8362C500A5600105139;
					};
					6A4CA8502C500A5F00105139 = {
						CreatedOnToolsVersion = 15.4;
						TestTargetID = 6A4CA8362C500A5600105139;
					};
				};
			};
			buildConfigurationList = 6A4CA8322C500A5600105139 /* Build configuration list for PBXProject "FlickrSearch" */;
			compatibilityVersion = "Xcode 14.0";
			developmentRegion = en;
			hasScannedForEncodings = 0;
			knownRegions = (
				en,
				Base,
			);
			mainGroup = 6A4CA82E2C500A5600105139;
			productRefGroup = 6A4CA8382C500A5600105139 /* Products */;
			projectDirPath = "";
			projectRoot = "";
			targets = (
				6A4CA8362C500A5600105139 /* FlickrSearch */,
				6A4CA8462C500A5F00105139 /* FlickrSearchTests */,
				6A4CA8502C500A5F00105139 /* FlickrSearchUITests */,
			);
		};
/* End PBXProject section */

/* Begin PBXResourcesBuildPhase section */
		6A4CA8352C500A5600105139 /* Resources */ = {
			isa = PBXResourcesBuildPhase;
			buildActionMask = 2147483647;
			files = (
				6A4CA8422C500A5D00105139 /* Preview Assets.xcassets in Resources */,
				6A4CA83F2C500A5D00105139 /* Assets.xcassets in Resources */,
			);
			runOnlyForDeploymentPostprocessing = 0;
		};
		6A4CA8452C500A5F00105139 /* Resources */ = {
			isa = PBXResourcesBuildPhase;
			buildActionMask = 2147483647;
			files = (
			);
			runOnlyForDeploymentPostprocessing = 0;
		};
		6A4CA84F2C500A5F00105139 /* Resources */ = {
			isa = PBXResourcesBuildPhase;
			buildActionMask = 2147483647;
			files = (
			);
			runOnlyForDeploymentPostprocessing = 0;
		};
/* End PBXResourcesBuildPhase section */

/* Begin PBXSourcesBuildPhase section */
		6A4CA8332C500A5600105139 /* Sources */ = {
			isa = PBXSourcesBuildPhase;
			buildActionMask = 2147483647;
			files = (
				6A4CA8822C503BF500105139 /* FlickrFeedDetailsViewModel.swift in Sources */,
				6A4CA8762C50192000105139 /* TestDetector.swift in Sources */,
				6A4CA8662C500BF500105139 /* EnvironmentValuesExtension.swift in Sources */,
				6A4CA86C2C500C3800105139 /* AsyncImageloader.swift in Sources */,
				6A4CA8842C503C1200105139 /* FlickrViewModel.swift in Sources */,
				6A4CA8802C503BC300105139 /* NavigationLazyView.swift in Sources */,
				6A4CA8712C5018EB00105139 /* FlickrModel.swift in Sources */,
				6A4CA8742C50190700105139 /* APIClient.swift in Sources */,
				6A4CA8792C501CA500105139 /* ErrorView.swift in Sources */,
				6A4CA86E2C500C4B00105139 /* URLSessionExtension.swift in Sources */,
				6A4CA83D2C500A5600105139 /* FlickrView.swift in Sources */,
				6A4CA87E2C5034F500105139 /* StringExtension.swift in Sources */,
				6A4CA87C2C502F3E00105139 /* FlickrFeedDetailsView.swift in Sources */,
				6A4CA8692C500C1000105139 /* Imageloader.swift in Sources */,
				6A4CA83B2C500A5600105139 /* FlickrSearchApp.swift in Sources */,
			);
			runOnlyForDeploymentPostprocessing = 0;
		};
		6A4CA8432C500A5F00105139 /* Sources */ = {
			isa = PBXSourcesBuildPhase;
			buildActionMask = 2147483647;
			files = (
				6A4CA8862C50421C00105139 /* StringExtensionTests.swift in Sources */,
				6A4CA84C2C500A5F00105139 /* FlickrFeedDetailsViewModelTests.swift in Sources */,
				6A4CA8882C50431B00105139 /* FlickrViewModelTests.swift in Sources */,
				6A4CA88D2C50441E00105139 /* MockURLSession.swift in Sources */,
				6A4CA88A2C50435000105139 /* APIClientTests.swift in Sources */,
				6A4CA88F2C50448200105139 /* MockAPIClient.swift in Sources */,
			);
			runOnlyForDeploymentPostprocessing = 0;
		};
		6A4CA84D2C500A5F00105139 /* Sources */ = {
			isa = PBXSourcesBuildPhase;
			buildActionMask = 2147483647;
			files = (
				6A4CA8562C500A5F00105139 /* FlickrSearchUITests.swift in Sources */,
				6A4CA8582C500A5F00105139 /* FlickrSearchUITestsLaunchTests.swift in Sources */,
			);
			runOnlyForDeploymentPostprocessing = 0;
		};
/* End PBXSourcesBuildPhase section */

/* Begin PBXTargetDependency section */
		6A4CA8492C500A5F00105139 /* PBXTargetDependency */ = {
			isa = PBXTargetDependency;
			target = 6A4CA8362C500A5600105139 /* FlickrSearch */;
			targetProxy = 6A4CA8482C500A5F00105139 /* PBXContainerItemProxy */;
		};
		6A4CA8532C500A5F00105139 /* PBXTargetDependency */ = {
			isa = PBXTargetDependency;
			target = 6A4CA8362C500A5600105139 /* FlickrSearch */;
			targetProxy = 6A4CA8522C500A5F00105139 /* PBXContainerItemProxy */;
		};
/* End PBXTargetDependency section */

/* Begin XCBuildConfiguration section */
		6A4CA8592C500A5F00105139 /* Debug */ = {
			isa = XCBuildConfiguration;
			buildSettings = {
				ALWAYS_SEARCH_USER_PATHS = NO;
				ASSETCATALOG_COMPILER_GENERATE_SWIFT_ASSET_SYMBOL_EXTENSIONS = YES;
				CLANG_ANALYZER_NONNULL = YES;
				CLANG_ANALYZER_NUMBER_OBJECT_CONVERSION = YES_AGGRESSIVE;
				CLANG_CXX_LANGUAGE_STANDARD = "gnu++20";
				CLANG_ENABLE_MODULES = YES;
				CLANG_ENABLE_OBJC_ARC = YES;
				CLANG_ENABLE_OBJC_WEAK = YES;
				CLANG_WARN_BLOCK_CAPTURE_AUTORELEASING = YES;
				CLANG_WARN_BOOL_CONVERSION = YES;
				CLANG_WARN_COMMA = YES;
				CLANG_WARN_CONSTANT_CONVERSION = YES;
				CLANG_WARN_DEPRECATED_OBJC_IMPLEMENTATIONS = YES;
				CLANG_WARN_DIRECT_OBJC_ISA_USAGE = YES_ERROR;
				CLANG_WARN_DOCUMENTATION_COMMENTS = YES;
				CLANG_WARN_EMPTY_BODY = YES;
				CLANG_WARN_ENUM_CONVERSION = YES;
				CLANG_WARN_INFINITE_RECURSION = YES;
				CLANG_WARN_INT_CONVERSION = YES;
				CLANG_WARN_NON_LITERAL_NULL_CONVERSION = YES;
				CLANG_WARN_OBJC_IMPLICIT_RETAIN_SELF = YES;
				CLANG_WARN_OBJC_LITERAL_CONVERSION = YES;
				CLANG_WARN_OBJC_ROOT_CLASS = YES_ERROR;
				CLANG_WARN_QUOTED_INCLUDE_IN_FRAMEWORK_HEADER = YES;
				CLANG_WARN_RANGE_LOOP_ANALYSIS = YES;
				CLANG_WARN_STRICT_PROTOTYPES = YES;
				CLANG_WARN_SUSPICIOUS_MOVE = YES;
				CLANG_WARN_UNGUARDED_AVAILABILITY = YES_AGGRESSIVE;
				CLANG_WARN_UNREACHABLE_CODE = YES;
				CLANG_WARN__DUPLICATE_METHOD_MATCH = YES;
				COPY_PHASE_STRIP = NO;
				DEBUG_INFORMATION_FORMAT = dwarf;
				ENABLE_STRICT_OBJC_MSGSEND = YES;
				ENABLE_TESTABILITY = YES;
				ENABLE_USER_SCRIPT_SANDBOXING = YES;
				GCC_C_LANGUAGE_STANDARD = gnu17;
				GCC_DYNAMIC_NO_PIC = NO;
				GCC_NO_COMMON_BLOCKS = YES;
				GCC_OPTIMIZATION_LEVEL = 0;
				GCC_PREPROCESSOR_DEFINITIONS = (
					"DEBUG=1",
					"$(inherited)",
				);
				GCC_WARN_64_TO_32_BIT_CONVERSION = YES;
				GCC_WARN_ABOUT_RETURN_TYPE = YES_ERROR;
				GCC_WARN_UNDECLARED_SELECTOR = YES;
				GCC_WARN_UNINITIALIZED_AUTOS = YES_AGGRESSIVE;
				GCC_WARN_UNUSED_FUNCTION = YES;
				GCC_WARN_UNUSED_VARIABLE = YES;
				IPHONEOS_DEPLOYMENT_TARGET = 17.5;
				LOCALIZATION_PREFERS_STRING_CATALOGS = YES;
				MTL_ENABLE_DEBUG_INFO = INCLUDE_SOURCE;
				MTL_FAST_MATH = YES;
				ONLY_ACTIVE_ARCH = YES;
				SDKROOT = iphoneos;
				SWIFT_ACTIVE_COMPILATION_CONDITIONS = "DEBUG $(inherited)";
				SWIFT_OPTIMIZATION_LEVEL = "-Onone";
			};
			name = Debug;
		};
		6A4CA85A2C500A5F00105139 /* Release */ = {
			isa = XCBuildConfiguration;
			buildSettings = {
				ALWAYS_SEARCH_USER_PATHS = NO;
				ASSETCATALOG_COMPILER_GENERATE_SWIFT_ASSET_SYMBOL_EXTENSIONS = YES;
				CLANG_ANALYZER_NONNULL = YES;
				CLANG_ANALYZER_NUMBER_OBJECT_CONVERSION = YES_AGGRESSIVE;
				CLANG_CXX_LANGUAGE_STANDARD = "gnu++20";
				CLANG_ENABLE_MODULES = YES;
				CLANG_ENABLE_OBJC_ARC = YES;
				CLANG_ENABLE_OBJC_WEAK = YES;
				CLANG_WARN_BLOCK_CAPTURE_AUTORELEASING = YES;
				CLANG_WARN_BOOL_CONVERSION = YES;
				CLANG_WARN_COMMA = YES;
				CLANG_WARN_CONSTANT_CONVERSION = YES;
				CLANG_WARN_DEPRECATED_OBJC_IMPLEMENTATIONS = YES;
				CLANG_WARN_DIRECT_OBJC_ISA_USAGE = YES_ERROR;
				CLANG_WARN_DOCUMENTATION_COMMENTS = YES;
				CLANG_WARN_EMPTY_BODY = YES;
				CLANG_WARN_ENUM_CONVERSION = YES;
				CLANG_WARN_INFINITE_RECURSION = YES;
				CLANG_WARN_INT_CONVERSION = YES;
				CLANG_WARN_NON_LITERAL_NULL_CONVERSION = YES;
				CLANG_WARN_OBJC_IMPLICIT_RETAIN_SELF = YES;
				CLANG_WARN_OBJC_LITERAL_CONVERSION = YES;
				CLANG_WARN_OBJC_ROOT_CLASS = YES_ERROR;
				CLANG_WARN_QUOTED_INCLUDE_IN_FRAMEWORK_HEADER = YES;
				CLANG_WARN_RANGE_LOOP_ANALYSIS = YES;
				CLANG_WARN_STRICT_PROTOTYPES = YES;
				CLANG_WARN_SUSPICIOUS_MOVE = YES;
				CLANG_WARN_UNGUARDED_AVAILABILITY = YES_AGGRESSIVE;
				CLANG_WARN_UNREACHABLE_CODE = YES;
				CLANG_WARN__DUPLICATE_METHOD_MATCH = YES;
				COPY_PHASE_STRIP = NO;
				DEBUG_INFORMATION_FORMAT = "dwarf-with-dsym";
				ENABLE_NS_ASSERTIONS = NO;
				ENABLE_STRICT_OBJC_MSGSEND = YES;
				ENABLE_USER_SCRIPT_SANDBOXING = YES;
				GCC_C_LANGUAGE_STANDARD = gnu17;
				GCC_NO_COMMON_BLOCKS = YES;
				GCC_WARN_64_TO_32_BIT_CONVERSION = YES;
				GCC_WARN_ABOUT_RETURN_TYPE = YES_ERROR;
				GCC_WARN_UNDECLARED_SELECTOR = YES;
				GCC_WARN_UNINITIALIZED_AUTOS = YES_AGGRESSIVE;
				GCC_WARN_UNUSED_FUNCTION = YES;
				GCC_WARN_UNUSED_VARIABLE = YES;
				IPHONEOS_DEPLOYMENT_TARGET = 17.5;
				LOCALIZATION_PREFERS_STRING_CATALOGS = YES;
				MTL_ENABLE_DEBUG_INFO = NO;
				MTL_FAST_MATH = YES;
				SDKROOT = iphoneos;
				SWIFT_COMPILATION_MODE = wholemodule;
				VALIDATE_PRODUCT = YES;
			};
			name = Release;
		};
		6A4CA85C2C500A5F00105139 /* Debug */ = {
			isa = XCBuildConfiguration;
			buildSettings = {
				ASSETCATALOG_COMPILER_APPICON_NAME = AppIcon;
				ASSETCATALOG_COMPILER_GLOBAL_ACCENT_COLOR_NAME = AccentColor;
				CODE_SIGN_STYLE = Automatic;
				CURRENT_PROJECT_VERSION = 1;
				DEVELOPMENT_ASSET_PATHS = "\"FlickrSearch/Preview Content\"";
				ENABLE_PREVIEWS = YES;
				GENERATE_INFOPLIST_FILE = YES;
				INFOPLIST_KEY_UIApplicationSceneManifest_Generation = YES;
				INFOPLIST_KEY_UIApplicationSupportsIndirectInputEvents = YES;
				INFOPLIST_KEY_UILaunchScreen_Generation = YES;
				INFOPLIST_KEY_UISupportedInterfaceOrientations_iPad = "UIInterfaceOrientationPortrait UIInterfaceOrientationPortraitUpsideDown UIInterfaceOrientationLandscapeLeft UIInterfaceOrientationLandscapeRight";
				INFOPLIST_KEY_UISupportedInterfaceOrientations_iPhone = "UIInterfaceOrientationPortrait UIInterfaceOrientationLandscapeLeft UIInterfaceOrientationLandscapeRight";
				LD_RUNPATH_SEARCH_PATHS = (
					"$(inherited)",
					"@executable_path/Frameworks",
				);
				MARKETING_VERSION = 1.0;
				PRODUCT_BUNDLE_IDENTIFIER = com.test.com.FlickrSearch;
				PRODUCT_NAME = "$(TARGET_NAME)";
				SWIFT_EMIT_LOC_STRINGS = YES;
				SWIFT_VERSION = 5.0;
				TARGETED_DEVICE_FAMILY = "1,2";
			};
			name = Debug;
		};
		6A4CA85D2C500A5F00105139 /* Release */ = {
			isa = XCBuildConfiguration;
			buildSettings = {
				ASSETCATALOG_COMPILER_APPICON_NAME = AppIcon;
				ASSETCATALOG_COMPILER_GLOBAL_ACCENT_COLOR_NAME = AccentColor;
				CODE_SIGN_STYLE = Automatic;
				CURRENT_PROJECT_VERSION = 1;
				DEVELOPMENT_ASSET_PATHS = "\"FlickrSearch/Preview Content\"";
				ENABLE_PREVIEWS = YES;
				GENERATE_INFOPLIST_FILE = YES;
				INFOPLIST_KEY_UIApplicationSceneManifest_Generation = YES;
				INFOPLIST_KEY_UIApplicationSupportsIndirectInputEvents = YES;
				INFOPLIST_KEY_UILaunchScreen_Generation = YES;
				INFOPLIST_KEY_UISupportedInterfaceOrientations_iPad = "UIInterfaceOrientationPortrait UIInterfaceOrientationPortraitUpsideDown UIInterfaceOrientationLandscapeLeft UIInterfaceOrientationLandscapeRight";
				INFOPLIST_KEY_UISupportedInterfaceOrientations_iPhone = "UIInterfaceOrientationPortrait UIInterfaceOrientationLandscapeLeft UIInterfaceOrientationLandscapeRight";
				LD_RUNPATH_SEARCH_PATHS = (
					"$(inherited)",
					"@executable_path/Frameworks",
				);
				MARKETING_VERSION = 1.0;
				PRODUCT_BUNDLE_IDENTIFIER = com.test.com.FlickrSearch;
				PRODUCT_NAME = "$(TARGET_NAME)";
				SWIFT_EMIT_LOC_STRINGS = YES;
				SWIFT_VERSION = 5.0;
				TARGETED_DEVICE_FAMILY = "1,2";
			};
			name = Release;
		};
		6A4CA85F2C500A5F00105139 /* Debug */ = {
			isa = XCBuildConfiguration;
			buildSettings = {
				ALWAYS_EMBED_SWIFT_STANDARD_LIBRARIES = YES;
				BUNDLE_LOADER = "$(TEST_HOST)";
				CODE_SIGN_STYLE = Automatic;
				CURRENT_PROJECT_VERSION = 1;
				GENERATE_INFOPLIST_FILE = YES;
				IPHONEOS_DEPLOYMENT_TARGET = 17.5;
				MARKETING_VERSION = 1.0;
				PRODUCT_BUNDLE_IDENTIFIER = com.test.com.FlickrSearchTests;
				PRODUCT_NAME = "$(TARGET_NAME)";
				SWIFT_EMIT_LOC_STRINGS = NO;
				SWIFT_VERSION = 5.0;
				TARGETED_DEVICE_FAMILY = "1,2";
				TEST_HOST = "$(BUILT_PRODUCTS_DIR)/FlickrSearch.app/$(BUNDLE_EXECUTABLE_FOLDER_PATH)/FlickrSearch";
			};
			name = Debug;
		};
		6A4CA8602C500A5F00105139 /* Release */ = {
			isa = XCBuildConfiguration;
			buildSettings = {
				ALWAYS_EMBED_SWIFT_STANDARD_LIBRARIES = YES;
				BUNDLE_LOADER = "$(TEST_HOST)";
				CODE_SIGN_STYLE = Automatic;
				CURRENT_PROJECT_VERSION = 1;
				GENERATE_INFOPLIST_FILE = YES;
				IPHONEOS_DEPLOYMENT_TARGET = 17.5;
				MARKETING_VERSION = 1.0;
				PRODUCT_BUNDLE_IDENTIFIER = com.test.com.FlickrSearchTests;
				PRODUCT_NAME = "$(TARGET_NAME)";
				SWIFT_EMIT_LOC_STRINGS = NO;
				SWIFT_VERSION = 5.0;
				TARGETED_DEVICE_FAMILY = "1,2";
				TEST_HOST = "$(BUILT_PRODUCTS_DIR)/FlickrSearch.app/$(BUNDLE_EXECUTABLE_FOLDER_PATH)/FlickrSearch";
			};
			name = Release;
		};
		6A4CA8622C500A5F00105139 /* Debug */ = {
			isa = XCBuildConfiguration;
			buildSettings = {
				ALWAYS_EMBED_SWIFT_STANDARD_LIBRARIES = YES;
				CODE_SIGN_STYLE = Automatic;
				CURRENT_PROJECT_VERSION = 1;
				GENERATE_INFOPLIST_FILE = YES;
				MARKETING_VERSION = 1.0;
				PRODUCT_BUNDLE_IDENTIFIER = com.test.com.FlickrSearchUITests;
				PRODUCT_NAME = "$(TARGET_NAME)";
				SWIFT_EMIT_LOC_STRINGS = NO;
				SWIFT_VERSION = 5.0;
				TARGETED_DEVICE_FAMILY = "1,2";
				TEST_TARGET_NAME = FlickrSearch;
			};
			name = Debug;
		};
		6A4CA8632C500A5F00105139 /* Release */ = {
			isa = XCBuildConfiguration;
			buildSettings = {
				ALWAYS_EMBED_SWIFT_STANDARD_LIBRARIES = YES;
				CODE_SIGN_STYLE = Automatic;
				CURRENT_PROJECT_VERSION = 1;
				GENERATE_INFOPLIST_FILE = YES;
				MARKETING_VERSION = 1.0;
				PRODUCT_BUNDLE_IDENTIFIER = com.test.com.FlickrSearchUITests;
				PRODUCT_NAME = "$(TARGET_NAME)";
				SWIFT_EMIT_LOC_STRINGS = NO;
				SWIFT_VERSION = 5.0;
				TARGETED_DEVICE_FAMILY = "1,2";
				TEST_TARGET_NAME = FlickrSearch;
			};
			name = Release;
		};
/* End XCBuildConfiguration section */

/* Begin XCConfigurationList section */
		6A4CA8322C500A5600105139 /* Build configuration list for PBXProject "FlickrSearch" */ = {
			isa = XCConfigurationList;
			buildConfigurations = (
				6A4CA8592C500A5F00105139 /* Debug */,
				6A4CA85A2C500A5F00105139 /* Release */,
			);
			defaultConfigurationIsVisible = 0;
			defaultConfigurationName = Release;
		};
		6A4CA85B2C500A5F00105139 /* Build configuration list for PBXNativeTarget "FlickrSearch" */ = {
			isa = XCConfigurationList;
			buildConfigurations = (
				6A4CA85C2C500A5F00105139 /* Debug */,
				6A4CA85D2C500A5F00105139 /* Release */,
			);
			defaultConfigurationIsVisible = 0;
			defaultConfigurationName = Release;
		};
		6A4CA85E2C500A5F00105139 /* Build configuration list for PBXNativeTarget "FlickrSearchTests" */ = {
			isa = XCConfigurationList;
			buildConfigurations = (
				6A4CA85F2C500A5F00105139 /* Debug */,
				6A4CA8602C500A5F00105139 /* Release */,
			);
			defaultConfigurationIsVisible = 0;
			defaultConfigurationName = Release;
		};
		6A4CA8612C500A5F00105139 /* Build configuration list for PBXNativeTarget "FlickrSearchUITests" */ = {
			isa = XCConfigurationList;
			buildConfigurations = (
				6A4CA8622C500A5F00105139 /* Debug */,
				6A4CA8632C500A5F00105139 /* Release */,
			);
			defaultConfigurationIsVisible = 0;
			defaultConfigurationName = Release;
		};
/* End XCConfigurationList section */
	};
	rootObject = 6A4CA82F2C500A5600105139 /* Project object */;
}
